{
  "version": 4,
  "terraform_version": "1.4.6",
  "serial": 62,
  "lineage": "5a33aaaf-14e7-bbc4-ac5d-739191d091a9",
  "outputs": {
    "lambda_function_arn": {
      "value": "arn:aws:lambda:us-east-2:357674677184:function:elastic_new_auth_key_updater",
      "type": "string"
    },
    "secretsmanager_secret_arn": {
      "value": "arn:aws:secretsmanager:us-east-2:357674677184:secret:elastic_new_auth_key-KhEBvs",
      "type": "string"
    }
  },
  "resources": [
    {
      "mode": "data",
      "type": "archive_file",
      "name": "lambda_zip",
      "provider": "provider[\"registry.terraform.io/hashicorp/archive\"]",
      "instances": [
        {
          "schema_version": 0,
          "attributes": {
            "exclude_symlink_directories": null,
            "excludes": null,
            "id": "a0f320e571df51d3549c93693707d13c5a74f109",
            "output_base64sha256": "Do3Lrpx1wGB9FsWVrmcpvprrv+43rNUKanbLgJR2P3M=",
            "output_base64sha512": "PWFYt+p2LT/mQUFdMXZeq+UeqG18kv5NPC/HY+rTWYzF+Iq1DavV8+H1QNOi0tuK3bNjvfBOlZwHxYHB1aJvsQ==",
            "output_file_mode": null,
            "output_md5": "2a81e45a7a55704d130c8a3906986157",
            "output_path": "./lambda_function.zip",
            "output_sha": "a0f320e571df51d3549c93693707d13c5a74f109",
            "output_sha256": "0e8dcbae9c75c0607d16c595ae6729be9aebbfee37acd50a6a76cb8094763f73",
            "output_sha512": "3d6158b7ea762d3fe641415d31765eabe51ea86d7c92fe4d3c2fc763ead3598cc5f88ab50dabd5f3e1f540d3a2d2db8addb363bdf04e959c07c581c1d5a26fb1",
            "output_size": 1027,
            "source": [],
            "source_content": null,
            "source_content_filename": null,
            "source_dir": null,
            "source_file": "./lambda_function.py",
            "type": "zip"
          },
          "sensitive_attributes": []
        }
      ]
    },
    {
      "mode": "managed",
      "type": "aws_cloudwatch_event_rule",
      "name": "every_4_hours",
      "provider": "provider[\"registry.terraform.io/hashicorp/aws\"]",
      "instances": [
        {
          "schema_version": 1,
          "attributes": {
            "arn": "arn:aws:events:us-east-2:357674677184:rule/every_4_hours",
            "description": "",
            "event_bus_name": "default",
            "event_pattern": null,
            "force_destroy": false,
            "id": "every_4_hours",
            "is_enabled": true,
            "name": "every_4_hours",
            "name_prefix": "",
            "role_arn": "",
            "schedule_expression": "rate(4 hours)",
            "state": "ENABLED",
            "tags": {},
            "tags_all": {}
          },
          "sensitive_attributes": [],
          "private": "eyJzY2hlbWFfdmVyc2lvbiI6IjEifQ=="
        }
      ]
    },
    {
      "mode": "managed",
      "type": "aws_cloudwatch_event_target",
      "name": "lambda_target",
      "provider": "provider[\"registry.terraform.io/hashicorp/aws\"]",
      "instances": [
        {
          "schema_version": 1,
          "attributes": {
            "arn": "arn:aws:lambda:us-east-2:357674677184:function:elastic_new_auth_key_updater",
            "batch_target": [],
            "dead_letter_config": [],
            "ecs_target": [],
            "event_bus_name": "default",
            "force_destroy": false,
            "http_target": [],
            "id": "every_4_hours-lambda_target",
            "input": "",
            "input_path": "",
            "input_transformer": [],
            "kinesis_target": [],
            "redshift_target": [],
            "retry_policy": [],
            "role_arn": "",
            "rule": "every_4_hours",
            "run_command_targets": [],
            "sagemaker_pipeline_target": [],
            "sqs_target": [],
            "target_id": "lambda_target"
          },
          "sensitive_attributes": [],
          "private": "eyJzY2hlbWFfdmVyc2lvbiI6IjEifQ==",
          "dependencies": [
            "aws_cloudwatch_event_rule.every_4_hours",
            "aws_iam_role.lambda_role",
            "aws_lambda_function.elastic_new_auth_key_updater",
            "aws_secretsmanager_secret.elastic_new_auth_key",
            "data.archive_file.lambda_zip"
          ]
        }
      ]
    },
    {
      "mode": "managed",
      "type": "aws_iam_role",
      "name": "lambda_role",
      "provider": "provider[\"registry.terraform.io/hashicorp/aws\"]",
      "instances": [
        {
          "schema_version": 0,
          "attributes": {
            "arn": "arn:aws:iam::357674677184:role/lambda_execution_role",
            "assume_role_policy": "{\"Statement\":[{\"Action\":\"sts:AssumeRole\",\"Effect\":\"Allow\",\"Principal\":{\"Service\":\"lambda.amazonaws.com\"}}],\"Version\":\"2012-10-17\"}",
            "create_date": "2024-07-17T00:38:23Z",
            "description": "",
            "force_detach_policies": false,
            "id": "lambda_execution_role",
            "inline_policy": [
              {
                "name": "secretsmanager_policy",
                "policy": "{\"Version\":\"2012-10-17\",\"Statement\":[{\"Action\":[\"secretsmanager:PutSecretValue\",\"secretsmanager:GetSecretValue\",\"secretsmanager:UpdateSecret\",\"secretsmanager:DescribeSecret\",\"secretsmanager:RotateSecret\"],\"Effect\":\"Allow\",\"Resource\":\"arn:aws:secretsmanager:us-east-2:357674677184:secret:elastic_new_auth_key-KhEBvs\"},{\"Action\":[\"kms:Encrypt\",\"kms:Decrypt\",\"kms:ReEncrypt*\",\"kms:GenerateDataKey*\",\"kms:DescribeKey\"],\"Effect\":\"Allow\",\"Resource\":\"arn:aws:kms:us-east-2:357674677184:key/36040458-8306-4bc1-9dc7-fa07b74abeae\"},{\"Action\":\"lambda:InvokeFunction\",\"Effect\":\"Allow\",\"Resource\":\"*\"}]}"
              }
            ],
            "managed_policy_arns": [],
            "max_session_duration": 3600,
            "name": "lambda_execution_role",
            "name_prefix": "",
            "path": "/",
            "permissions_boundary": "",
            "tags": {},
            "tags_all": {},
            "unique_id": "AROAVGRYSOPAENGO34VWC"
          },
          "sensitive_attributes": [],
          "private": "bnVsbA==",
          "dependencies": [
            "aws_secretsmanager_secret.elastic_new_auth_key"
          ]
        }
      ]
    },
    {
      "mode": "managed",
      "type": "aws_lambda_function",
      "name": "elastic_new_auth_key_updater",
      "provider": "provider[\"registry.terraform.io/hashicorp/aws\"]",
      "instances": [
        {
          "schema_version": 0,
          "attributes": {
            "architectures": [
              "x86_64"
            ],
            "arn": "arn:aws:lambda:us-east-2:357674677184:function:elastic_new_auth_key_updater",
            "code_sha256": "Do3Lrpx1wGB9FsWVrmcpvprrv+43rNUKanbLgJR2P3M=",
            "code_signing_config_arn": "",
            "dead_letter_config": [],
            "description": "",
            "environment": [
              {
                "variables": {
                  "SECRET_NAME": "elastic_new_auth_key"
                }
              }
            ],
            "ephemeral_storage": [
              {
                "size": 512
              }
            ],
            "file_system_config": [],
            "filename": "./lambda_function.zip",
            "function_name": "elastic_new_auth_key_updater",
            "handler": "lambda_function.lambda_handler",
            "id": "elastic_new_auth_key_updater",
            "image_config": [],
            "image_uri": "",
            "invoke_arn": "arn:aws:apigateway:us-east-2:lambda:path/2015-03-31/functions/arn:aws:lambda:us-east-2:357674677184:function:elastic_new_auth_key_updater/invocations",
            "kms_key_arn": "",
            "last_modified": "2024-07-20T00:10:29.000+0000",
            "layers": [],
            "logging_config": [
              {
                "application_log_level": "",
                "log_format": "Text",
                "log_group": "/aws/lambda/elastic_new_auth_key_updater",
                "system_log_level": ""
              }
            ],
            "memory_size": 128,
            "package_type": "Zip",
            "publish": false,
            "qualified_arn": "arn:aws:lambda:us-east-2:357674677184:function:elastic_new_auth_key_updater:$LATEST",
            "qualified_invoke_arn": "arn:aws:apigateway:us-east-2:lambda:path/2015-03-31/functions/arn:aws:lambda:us-east-2:357674677184:function:elastic_new_auth_key_updater:$LATEST/invocations",
            "replace_security_groups_on_destroy": null,
            "replacement_security_group_ids": null,
            "reserved_concurrent_executions": -1,
            "role": "arn:aws:iam::357674677184:role/lambda_execution_role",
            "runtime": "python3.9",
            "s3_bucket": null,
            "s3_key": null,
            "s3_object_version": null,
            "signing_job_arn": "",
            "signing_profile_version_arn": "",
            "skip_destroy": false,
            "snap_start": [],
            "source_code_hash": "Do3Lrpx1wGB9FsWVrmcpvprrv+43rNUKanbLgJR2P3M=",
            "source_code_size": 1027,
            "tags": {},
            "tags_all": {},
            "timeout": 3,
            "timeouts": null,
            "tracing_config": [
              {
                "mode": "PassThrough"
              }
            ],
            "version": "$LATEST",
            "vpc_config": []
          },
          "sensitive_attributes": [],
          "private": "eyJlMmJmYjczMC1lY2FhLTExZTYtOGY4OC0zNDM2M2JjN2M0YzAiOnsiY3JlYXRlIjo2MDAwMDAwMDAwMDAsImRlbGV0ZSI6NjAwMDAwMDAwMDAwLCJ1cGRhdGUiOjYwMDAwMDAwMDAwMH19",
          "dependencies": [
            "aws_iam_role.lambda_role",
            "data.archive_file.lambda_zip"
          ]
        }
      ]
    },
    {
      "mode": "managed",
      "type": "aws_lambda_permission",
      "name": "allow_cloudwatch",
      "provider": "provider[\"registry.terraform.io/hashicorp/aws\"]",
      "instances": [
        {
          "schema_version": 0,
          "attributes": {
            "action": "lambda:InvokeFunction",
            "event_source_token": null,
            "function_name": "elastic_new_auth_key_updater",
            "function_url_auth_type": null,
            "id": "AllowExecutionFromCloudWatch",
            "principal": "events.amazonaws.com",
            "principal_org_id": null,
            "qualifier": "",
            "source_account": null,
            "source_arn": "arn:aws:events:us-east-2:357674677184:rule/every_4_hours",
            "statement_id": "AllowExecutionFromCloudWatch",
            "statement_id_prefix": ""
          },
          "sensitive_attributes": [],
          "private": "bnVsbA==",
          "dependencies": [
            "aws_cloudwatch_event_rule.every_4_hours",
            "aws_iam_role.lambda_role",
            "aws_lambda_function.elastic_new_auth_key_updater",
            "aws_secretsmanager_secret.elastic_new_auth_key",
            "data.archive_file.lambda_zip"
          ]
        }
      ]
    },
    {
      "mode": "managed",
      "type": "aws_lambda_permission",
      "name": "allow_secretsmanager",
      "provider": "provider[\"registry.terraform.io/hashicorp/aws\"]",
      "instances": [
        {
          "schema_version": 0,
          "attributes": {
            "action": "lambda:InvokeFunction",
            "event_source_token": null,
            "function_name": "elastic_new_auth_key_updater",
            "function_url_auth_type": null,
            "id": "AllowExecutionFromSecretsManager",
            "principal": "secretsmanager.amazonaws.com",
            "principal_org_id": null,
            "qualifier": "",
            "source_account": null,
            "source_arn": "arn:aws:secretsmanager:us-east-2:357674677184:secret:elastic_new_auth_key-KhEBvs",
            "statement_id": "AllowExecutionFromSecretsManager",
            "statement_id_prefix": ""
          },
          "sensitive_attributes": [],
          "private": "bnVsbA==",
          "dependencies": [
            "aws_iam_role.lambda_role",
            "aws_lambda_function.elastic_new_auth_key_updater",
            "aws_secretsmanager_secret.elastic_new_auth_key",
            "data.archive_file.lambda_zip"
          ]
        }
      ]
    },
    {
      "mode": "managed",
      "type": "aws_secretsmanager_secret",
      "name": "elastic_new_auth_key",
      "provider": "provider[\"registry.terraform.io/hashicorp/aws\"]",
      "instances": [
        {
          "schema_version": 0,
          "attributes": {
            "arn": "arn:aws:secretsmanager:us-east-2:357674677184:secret:elastic_new_auth_key-KhEBvs",
            "description": "",
            "force_overwrite_replica_secret": false,
            "id": "arn:aws:secretsmanager:us-east-2:357674677184:secret:elastic_new_auth_key-KhEBvs",
            "kms_key_id": "arn:aws:kms:us-east-2:357674677184:key/36040458-8306-4bc1-9dc7-fa07b74abeae",
            "name": "elastic_new_auth_key",
            "name_prefix": "",
            "policy": "",
            "recovery_window_in_days": 30,
            "replica": [],
            "tags": {},
            "tags_all": {}
          },
          "sensitive_attributes": [],
          "private": "bnVsbA=="
        }
      ]
    },
    {
      "mode": "managed",
      "type": "aws_secretsmanager_secret_rotation",
      "name": "elastic_new_authtoken",
      "provider": "provider[\"registry.terraform.io/hashicorp/aws\"]",
      "instances": [
        {
          "schema_version": 1,
          "attributes": {
            "id": "arn:aws:secretsmanager:us-east-2:357674677184:secret:elastic_new_auth_key-KhEBvs",
            "rotate_immediately": true,
            "rotation_enabled": true,
            "rotation_lambda_arn": "arn:aws:lambda:us-east-2:357674677184:function:elastic_new_auth_key_updater",
            "rotation_rules": [
              {
                "automatically_after_days": 1,
                "duration": "",
                "schedule_expression": ""
              }
            ],
            "secret_id": "arn:aws:secretsmanager:us-east-2:357674677184:secret:elastic_new_auth_key-KhEBvs"
          },
          "sensitive_attributes": [],
          "private": "eyJzY2hlbWFfdmVyc2lvbiI6IjEifQ==",
          "dependencies": [
            "aws_iam_role.lambda_role",
            "aws_lambda_function.elastic_new_auth_key_updater",
            "aws_secretsmanager_secret.elastic_new_auth_key",
            "data.archive_file.lambda_zip"
          ]
        }
      ]
    }
  ],
  "check_results": null
}
